
Microsoft Visual Studio Solution File, Format Version 12.00
# Visual Studio 15
VisualStudioVersion = 15.0.27130.2027
MinimumVisualStudioVersion = 10.0.40219.1
Project("{FAE04EC0-301F-11D3-BF4B-00C04F79EFBC}") = "testov", "testov\testov.csproj", "{E40B071F-4AB2-47B0-911E-3F1D93146A81}"
EndProject
Global
	GlobalSection(SolutionConfigurationPlatforms) = preSolution
		Debug|Any CPU = Debug|Any CPU
		Release|Any CPU = Release|Any CPU
	EndGlobalSection
	GlobalSection(ProjectConfigurationPlatforms) = postSolution
		{E40B071F-4AB2-47B0-911E-3F1D93146A81}.Debug|Any CPU.ActiveCfg = Debug|Any CPU
		{E40B071F-4AB2-47B0-911E-3F1D93146A81}.Debug|Any CPU.Build.0 = Debug|Any CPU
		{E40B071F-4AB2-47B0-911E-3F1D93146A81}.Release|Any CPU.ActiveCfg = Release|Any CPU
		{E40B071F-4AB2-47B0-911E-3F1D93146A81}.Release|Any CPU.Build.0 = Release|Any CPU
	EndGlobalSection
	GlobalSection(SolutionProperties) = preSolution
		HideSolutionNode = FALSE
	EndGlobalSection
	GlobalSection(ExtensibilityGlobals) = postSolution
		SolutionGuid = {61510408-4EDC-4A84-B104-40C29CA21A29}
	EndGlobalSection
EndGlobal
